
Microsoft Visual Studio Solution File, Format Version 12.00
# Visual Studio 15
VisualStudioVersion = 15.0.28307.1231
MinimumVisualStudioVersion = 10.0.40219.1
Project("{8BC9CEB8-8B4A-11D0-8D11-00A0C91BC942}") = "Gluttonous_Snake_C", "Gluttonous_Snake_C.vcxproj", "{7515BD10-7F6A-4E15-B39D-CEF50BE3572C}"
EndProject
Global
	GlobalSection(SolutionConfigurationPlatforms) = preSolution
		Debug|x64 = Debug|x64
		Debug|x86 = Debug|x86
		Release|x64 = Release|x64
		Release|x86 = Release|x86
	EndGlobalSection
	GlobalSection(ProjectConfigurationPlatforms) = postSolution
		{7515BD10-7F6A-4E15-B39D-CEF50BE3572C}.Debug|x64.ActiveCfg = Debug|x64
		{7515BD10-7F6A-4E15-B39D-CEF50BE3572C}.Debug|x64.Build.0 = Debug|x64
		{7515BD10-7F6A-4E15-B39D-CEF50BE3572C}.Debug|x86.ActiveCfg = Debug|Win32
		{7515BD10-7F6A-4E15-B39D-CEF50BE3572C}.Debug|x86.Build.0 = Debug|Win32
		{7515BD10-7F6A-4E15-B39D-CEF50BE3572C}.Release|x64.ActiveCfg = Release|x64
		{7515BD10-7F6A-4E15-B39D-CEF50BE3572C}.Release|x64.Build.0 = Release|x64
		{7515BD10-7F6A-4E15-B39D-CEF50BE3572C}.Release|x86.ActiveCfg = Release|Win32
		{7515BD10-7F6A-4E15-B39D-CEF50BE3572C}.Release|x86.Build.0 = Release|Win32
	EndGlobalSection
	GlobalSection(SolutionProperties) = preSolution
		HideSolutionNode = FALSE
	EndGlobalSection
	GlobalSection(ExtensibilityGlobals) = postSolution
		SolutionGuid = {5BFCEE31-E6A8-45D7-B3A2-AE9821D8CC89}
	EndGlobalSection
EndGlobal
